
Microsoft Visual Studio Solution File, Format Version 12.00
# Visual Studio Version 17
VisualStudioVersion = 17.8.34330.188
MinimumVisualStudioVersion = 10.0.40219.1
Project("{2150E333-8FDC-42A3-9474-1A3956D46DE8}") = "src", "src", "{A2664670-010A-4FDB-BDFB-33D2532DDD59}"
EndProject
Project("{2150E333-8FDC-42A3-9474-1A3956D46DE8}") = "backend", "backend", "{067BBA80-F1B3-4FC2-B439-50D7DBDD4C3E}"
EndProject
Project("{2150E333-8FDC-42A3-9474-1A3956D46DE8}") = "Domain", "Domain", "{863EDBE4-D2F1-454C-9A2D-F2DB8CE2CED9}"
EndProject
Project("{FAE04EC0-301F-11D3-BF4B-00C04F79EFBC}") = "Viandas.Domain.Core", "Viandas.Domain.Core\Viandas.Domain.Core.csproj", "{1B19530D-FB06-4D11-9738-94C1FD478028}"
EndProject
Global
	GlobalSection(SolutionConfigurationPlatforms) = preSolution
		Debug|Any CPU = Debug|Any CPU
		Release|Any CPU = Release|Any CPU
	EndGlobalSection
	GlobalSection(ProjectConfigurationPlatforms) = postSolution
		{1B19530D-FB06-4D11-9738-94C1FD478028}.Debug|Any CPU.ActiveCfg = Debug|Any CPU
		{1B19530D-FB06-4D11-9738-94C1FD478028}.Debug|Any CPU.Build.0 = Debug|Any CPU
		{1B19530D-FB06-4D11-9738-94C1FD478028}.Release|Any CPU.ActiveCfg = Release|Any CPU
		{1B19530D-FB06-4D11-9738-94C1FD478028}.Release|Any CPU.Build.0 = Release|Any CPU
	EndGlobalSection
	GlobalSection(SolutionProperties) = preSolution
		HideSolutionNode = FALSE
	EndGlobalSection
	GlobalSection(NestedProjects) = preSolution
		{067BBA80-F1B3-4FC2-B439-50D7DBDD4C3E} = {A2664670-010A-4FDB-BDFB-33D2532DDD59}
		{863EDBE4-D2F1-454C-9A2D-F2DB8CE2CED9} = {067BBA80-F1B3-4FC2-B439-50D7DBDD4C3E}
		{1B19530D-FB06-4D11-9738-94C1FD478028} = {863EDBE4-D2F1-454C-9A2D-F2DB8CE2CED9}
	EndGlobalSection
	GlobalSection(ExtensibilityGlobals) = postSolution
		SolutionGuid = {C24D0031-8949-49A9-9152-34B98D437ECC}
	EndGlobalSection
EndGlobal
