
Microsoft Visual Studio Solution File, Format Version 12.00
# Visual Studio Version 17
VisualStudioVersion = 17.8.34330.188
MinimumVisualStudioVersion = 10.0.40219.1
Project("{2150E333-8FDC-42A3-9474-1A3956D46DE8}") = "src", "src", "{A2664670-010A-4FDB-BDFB-33D2532DDD59}"
EndProject
Project("{2150E333-8FDC-42A3-9474-1A3956D46DE8}") = "backend", "backend", "{067BBA80-F1B3-4FC2-B439-50D7DBDD4C3E}"
EndProject
Project("{2150E333-8FDC-42A3-9474-1A3956D46DE8}") = "Domain", "Domain", "{863EDBE4-D2F1-454C-9A2D-F2DB8CE2CED9}"
EndProject
Project("{9A19103F-16F7-4668-BE54-9A1E7A4F7556}") = "Viandas.Domain.Core", "Viandas.Domain.Core\Viandas.Domain.Core.csproj", "{1B19530D-FB06-4D11-9738-94C1FD478028}"
EndProject
Project("{2150E333-8FDC-42A3-9474-1A3956D46DE8}") = "Application", "Application", "{257F7534-85A6-4A24-B9D5-87CB74520C49}"
EndProject
Project("{9A19103F-16F7-4668-BE54-9A1E7A4F7556}") = "Viandas.Application.Main", "Viandas.Application.Main\Viandas.Application.Main.csproj", "{AA547620-98F7-4545-8601-1C314F919B82}"
EndProject
Project("{2150E333-8FDC-42A3-9474-1A3956D46DE8}") = "Infrastructure", "Infrastructure", "{7F6CF905-0BF1-4A81-B5B7-C99E09717D1B}"
EndProject
Project("{9A19103F-16F7-4668-BE54-9A1E7A4F7556}") = "Viandas.Infrastructure.Interface", "Viandas.Infrastructure.Interface\Viandas.Infrastructure.Interface.csproj", "{052CEAD8-1F76-443B-90BD-D85762948E34}"
EndProject
Project("{9A19103F-16F7-4668-BE54-9A1E7A4F7556}") = "Viandas.Infrastructure.Data", "Viandas.Infrastructure.Data\Viandas.Infrastructure.Data.csproj", "{2F1784E1-F4CA-4BCB-B520-9C4D8B37E7A6}"
EndProject
Project("{9A19103F-16F7-4668-BE54-9A1E7A4F7556}") = "Viandas.Infrastructure.Repository", "Viandas.Infrastructure.Repository\Viandas.Infrastructure.Repository.csproj", "{576B7AE7-7B18-4C64-871C-AFFAFB25A27B}"
EndProject
Global
	GlobalSection(SolutionConfigurationPlatforms) = preSolution
		Debug|Any CPU = Debug|Any CPU
		Release|Any CPU = Release|Any CPU
	EndGlobalSection
	GlobalSection(ProjectConfigurationPlatforms) = postSolution
		{1B19530D-FB06-4D11-9738-94C1FD478028}.Debug|Any CPU.ActiveCfg = Debug|Any CPU
		{1B19530D-FB06-4D11-9738-94C1FD478028}.Debug|Any CPU.Build.0 = Debug|Any CPU
		{1B19530D-FB06-4D11-9738-94C1FD478028}.Release|Any CPU.ActiveCfg = Release|Any CPU
		{1B19530D-FB06-4D11-9738-94C1FD478028}.Release|Any CPU.Build.0 = Release|Any CPU
		{AA547620-98F7-4545-8601-1C314F919B82}.Debug|Any CPU.ActiveCfg = Debug|Any CPU
		{AA547620-98F7-4545-8601-1C314F919B82}.Debug|Any CPU.Build.0 = Debug|Any CPU
		{AA547620-98F7-4545-8601-1C314F919B82}.Release|Any CPU.ActiveCfg = Release|Any CPU
		{AA547620-98F7-4545-8601-1C314F919B82}.Release|Any CPU.Build.0 = Release|Any CPU
		{052CEAD8-1F76-443B-90BD-D85762948E34}.Debug|Any CPU.ActiveCfg = Debug|Any CPU
		{052CEAD8-1F76-443B-90BD-D85762948E34}.Debug|Any CPU.Build.0 = Debug|Any CPU
		{052CEAD8-1F76-443B-90BD-D85762948E34}.Release|Any CPU.ActiveCfg = Release|Any CPU
		{052CEAD8-1F76-443B-90BD-D85762948E34}.Release|Any CPU.Build.0 = Release|Any CPU
		{2F1784E1-F4CA-4BCB-B520-9C4D8B37E7A6}.Debug|Any CPU.ActiveCfg = Debug|Any CPU
		{2F1784E1-F4CA-4BCB-B520-9C4D8B37E7A6}.Debug|Any CPU.Build.0 = Debug|Any CPU
		{2F1784E1-F4CA-4BCB-B520-9C4D8B37E7A6}.Release|Any CPU.ActiveCfg = Release|Any CPU
		{2F1784E1-F4CA-4BCB-B520-9C4D8B37E7A6}.Release|Any CPU.Build.0 = Release|Any CPU
		{576B7AE7-7B18-4C64-871C-AFFAFB25A27B}.Debug|Any CPU.ActiveCfg = Debug|Any CPU
		{576B7AE7-7B18-4C64-871C-AFFAFB25A27B}.Debug|Any CPU.Build.0 = Debug|Any CPU
		{576B7AE7-7B18-4C64-871C-AFFAFB25A27B}.Release|Any CPU.ActiveCfg = Release|Any CPU
		{576B7AE7-7B18-4C64-871C-AFFAFB25A27B}.Release|Any CPU.Build.0 = Release|Any CPU
	EndGlobalSection
	GlobalSection(SolutionProperties) = preSolution
		HideSolutionNode = FALSE
	EndGlobalSection
	GlobalSection(NestedProjects) = preSolution
		{067BBA80-F1B3-4FC2-B439-50D7DBDD4C3E} = {A2664670-010A-4FDB-BDFB-33D2532DDD59}
		{863EDBE4-D2F1-454C-9A2D-F2DB8CE2CED9} = {067BBA80-F1B3-4FC2-B439-50D7DBDD4C3E}
		{1B19530D-FB06-4D11-9738-94C1FD478028} = {863EDBE4-D2F1-454C-9A2D-F2DB8CE2CED9}
		{257F7534-85A6-4A24-B9D5-87CB74520C49} = {067BBA80-F1B3-4FC2-B439-50D7DBDD4C3E}
		{AA547620-98F7-4545-8601-1C314F919B82} = {257F7534-85A6-4A24-B9D5-87CB74520C49}
		{7F6CF905-0BF1-4A81-B5B7-C99E09717D1B} = {067BBA80-F1B3-4FC2-B439-50D7DBDD4C3E}
		{052CEAD8-1F76-443B-90BD-D85762948E34} = {7F6CF905-0BF1-4A81-B5B7-C99E09717D1B}
		{2F1784E1-F4CA-4BCB-B520-9C4D8B37E7A6} = {7F6CF905-0BF1-4A81-B5B7-C99E09717D1B}
		{576B7AE7-7B18-4C64-871C-AFFAFB25A27B} = {7F6CF905-0BF1-4A81-B5B7-C99E09717D1B}
	EndGlobalSection
	GlobalSection(ExtensibilityGlobals) = postSolution
		SolutionGuid = {C24D0031-8949-49A9-9152-34B98D437ECC}
	EndGlobalSection
EndGlobal
